
Microsoft Visual Studio Solution File, Format Version 12.00
# Visual Studio Version 17
VisualStudioVersion = 17.7.34018.315
MinimumVisualStudioVersion = 10.0.40219.1
Project("{9A19103F-16F7-4668-BE54-9A1E7A4F7556}") = "Entity", "Entity\Entity.csproj", "{1FA6CE22-2754-45D5-BC81-96A7CB6A7937}"
EndProject
Project("{9A19103F-16F7-4668-BE54-9A1E7A4F7556}") = "DataAccess", "DataAccess\DataAccess.csproj", "{985F88A3-FA37-4F73-85A5-583028900C36}"
EndProject
Project("{9A19103F-16F7-4668-BE54-9A1E7A4F7556}") = "Core", "Core\Core.csproj", "{F344EA42-785A-45BF-97BB-51B435821A31}"
EndProject
Project("{9A19103F-16F7-4668-BE54-9A1E7A4F7556}") = "Core.Web", "Core.Web\Core.Web.csproj", "{D1A2B6CE-18A2-495A-A6F2-1A5879D1DCF6}"
EndProject
Project("{9A19103F-16F7-4668-BE54-9A1E7A4F7556}") = "API", "API\API.csproj", "{9EA306FB-10AE-48BC-A41F-F7E617B13DDC}"
EndProject
Project("{9A19103F-16F7-4668-BE54-9A1E7A4F7556}") = "Business", "Business\Business.csproj", "{4BACC0D5-EAA7-45EA-B35F-81B9B5AC004E}"
EndProject
Global
	GlobalSection(SolutionConfigurationPlatforms) = preSolution
		Debug|Any CPU = Debug|Any CPU
		Release|Any CPU = Release|Any CPU
	EndGlobalSection
	GlobalSection(ProjectConfigurationPlatforms) = postSolution
		{1FA6CE22-2754-45D5-BC81-96A7CB6A7937}.Debug|Any CPU.ActiveCfg = Debug|Any CPU
		{1FA6CE22-2754-45D5-BC81-96A7CB6A7937}.Debug|Any CPU.Build.0 = Debug|Any CPU
		{1FA6CE22-2754-45D5-BC81-96A7CB6A7937}.Release|Any CPU.ActiveCfg = Release|Any CPU
		{1FA6CE22-2754-45D5-BC81-96A7CB6A7937}.Release|Any CPU.Build.0 = Release|Any CPU
		{985F88A3-FA37-4F73-85A5-583028900C36}.Debug|Any CPU.ActiveCfg = Debug|Any CPU
		{985F88A3-FA37-4F73-85A5-583028900C36}.Debug|Any CPU.Build.0 = Debug|Any CPU
		{985F88A3-FA37-4F73-85A5-583028900C36}.Release|Any CPU.ActiveCfg = Release|Any CPU
		{985F88A3-FA37-4F73-85A5-583028900C36}.Release|Any CPU.Build.0 = Release|Any CPU
		{F344EA42-785A-45BF-97BB-51B435821A31}.Debug|Any CPU.ActiveCfg = Debug|Any CPU
		{F344EA42-785A-45BF-97BB-51B435821A31}.Debug|Any CPU.Build.0 = Debug|Any CPU
		{F344EA42-785A-45BF-97BB-51B435821A31}.Release|Any CPU.ActiveCfg = Release|Any CPU
		{F344EA42-785A-45BF-97BB-51B435821A31}.Release|Any CPU.Build.0 = Release|Any CPU
		{D1A2B6CE-18A2-495A-A6F2-1A5879D1DCF6}.Debug|Any CPU.ActiveCfg = Debug|Any CPU
		{D1A2B6CE-18A2-495A-A6F2-1A5879D1DCF6}.Debug|Any CPU.Build.0 = Debug|Any CPU
		{D1A2B6CE-18A2-495A-A6F2-1A5879D1DCF6}.Release|Any CPU.ActiveCfg = Release|Any CPU
		{D1A2B6CE-18A2-495A-A6F2-1A5879D1DCF6}.Release|Any CPU.Build.0 = Release|Any CPU
		{9EA306FB-10AE-48BC-A41F-F7E617B13DDC}.Debug|Any CPU.ActiveCfg = Debug|Any CPU
		{9EA306FB-10AE-48BC-A41F-F7E617B13DDC}.Debug|Any CPU.Build.0 = Debug|Any CPU
		{9EA306FB-10AE-48BC-A41F-F7E617B13DDC}.Release|Any CPU.ActiveCfg = Release|Any CPU
		{9EA306FB-10AE-48BC-A41F-F7E617B13DDC}.Release|Any CPU.Build.0 = Release|Any CPU
		{4BACC0D5-EAA7-45EA-B35F-81B9B5AC004E}.Debug|Any CPU.ActiveCfg = Debug|Any CPU
		{4BACC0D5-EAA7-45EA-B35F-81B9B5AC004E}.Debug|Any CPU.Build.0 = Debug|Any CPU
		{4BACC0D5-EAA7-45EA-B35F-81B9B5AC004E}.Release|Any CPU.ActiveCfg = Release|Any CPU
		{4BACC0D5-EAA7-45EA-B35F-81B9B5AC004E}.Release|Any CPU.Build.0 = Release|Any CPU
	EndGlobalSection
	GlobalSection(SolutionProperties) = preSolution
		HideSolutionNode = FALSE
	EndGlobalSection
	GlobalSection(ExtensibilityGlobals) = postSolution
		SolutionGuid = {8E396DF3-0C2C-46D8-BB80-8458C852A9B3}
	EndGlobalSection
EndGlobal
